dependencies:
- name: kube-state-metrics
  repository: https://prometheus-community.github.io/helm-charts
  version: 4.24.0
- name: prometheus-node-exporter
  repository: https://prometheus-community.github.io/helm-charts
  version: 4.8.1
- name: grafana
  repository: https://grafana.github.io/helm-charts
  version: 6.50.8
digest: sha256:f828d26434213b895fe13d22ccccac98c33c1dafbe57ca3c3cdb2b33d4eaf7cb
generated: "2023-08-14T14:10:25.234145-04:00"
